// !$*UTF8*$!
{
	archiveVersion = 1;
	classes = {
	};
	objectVersion = 56;
	objects = {

/* Begin PBXBuildFile section */
		393212A82AB612AD0002E9B7 /* BannerTableViewCell.swift in Sources */ = {isa = PBXBuildFile; fileRef = 393212A72AB612AD0002E9B7 /* BannerTableViewCell.swift */; };
		393212AA2AB6152F0002E9B7 /* CardTableCellTableViewCell.swift in Sources */ = {isa = PBXBuildFile; fileRef = 393212A92AB6152F0002E9B7 /* CardTableCellTableViewCell.swift */; };
		3957A66E2AB37F9300F1659F /* AppDelegate.swift in Sources */ = {isa = PBXBuildFile; fileRef = 3957A66D2AB37F9300F1659F /* AppDelegate.swift */; };
		3957A6702AB37F9300F1659F /* SceneDelegate.swift in Sources */ = {isa = PBXBuildFile; fileRef = 3957A66F2AB37F9300F1659F /* SceneDelegate.swift */; };
		3957A6722AB37F9300F1659F /* ViewController.swift in Sources */ = {isa = PBXBuildFile; fileRef = 3957A6712AB37F9300F1659F /* ViewController.swift */; };
		3957A6752AB37F9300F1659F /* Main.storyboard in Resources */ = {isa = PBXBuildFile; fileRef = 3957A6732AB37F9300F1659F /* Main.storyboard */; };
		3957A6772AB37F9400F1659F /* Assets.xcassets in Resources */ = {isa = PBXBuildFile; fileRef = 3957A6762AB37F9400F1659F /* Assets.xcassets */; };
		3957A67A2AB37F9400F1659F /* LaunchScreen.storyboard in Resources */ = {isa = PBXBuildFile; fileRef = 3957A6782AB37F9400F1659F /* LaunchScreen.storyboard */; };
		398C8BC62AB385A100B2F377 /* DataViewModel.swift in Sources */ = {isa = PBXBuildFile; fileRef = 398C8BC52AB385A100B2F377 /* DataViewModel.swift */; };
		398C8BC92AB3863F00B2F377 /* TestData.swift in Sources */ = {isa = PBXBuildFile; fileRef = 398C8BC82AB3863F00B2F377 /* TestData.swift */; };
		398C8BCB2AB38C3100B2F377 /* TestModel.swift in Sources */ = {isa = PBXBuildFile; fileRef = 398C8BCA2AB38C3100B2F377 /* TestModel.swift */; };
		398C8BD22AB4055E00B2F377 /* ThemeModel.swift in Sources */ = {isa = PBXBuildFile; fileRef = 398C8BD12AB4055E00B2F377 /* ThemeModel.swift */; };
		398C8BD42AB4066000B2F377 /* ThemeViewModel .swift in Sources */ = {isa = PBXBuildFile; fileRef = 398C8BD32AB4066000B2F377 /* ThemeViewModel .swift */; };
		398C8BE12AB4C84B00B2F377 /* BannerCollectionCell.swift in Sources */ = {isa = PBXBuildFile; fileRef = 398C8BE02AB4C84B00B2F377 /* BannerCollectionCell.swift */; };
		39BFBD6D2AB5636A007788EA /* CarouselCollectionBCell.swift in Sources */ = {isa = PBXBuildFile; fileRef = 39BFBD6C2AB5636A007788EA /* CarouselCollectionBCell.swift */; };
		39F34FD72AB555A300ADC727 /* CarouselCollectionACell.swift in Sources */ = {isa = PBXBuildFile; fileRef = 39F34FD62AB555A300ADC727 /* CarouselCollectionACell.swift */; };
/* End PBXBuildFile section */

/* Begin PBXFileReference section */
		393212A72AB612AD0002E9B7 /* BannerTableViewCell.swift */ = {isa = PBXFileReference; lastKnownFileType = sourcecode.swift; path = BannerTableViewCell.swift; sourceTree = "<group>"; };
		393212A92AB6152F0002E9B7 /* CardTableCellTableViewCell.swift */ = {isa = PBXFileReference; fileEncoding = 4; lastKnownFileType = sourcecode.swift; path = CardTableCellTableViewCell.swift; sourceTree = "<group>"; };
		3957A66A2AB37F9300F1659F /* Test-KelvinGao.app */ = {isa = PBXFileReference; explicitFileType = wrapper.application; includeInIndex = 0; path = "Test-KelvinGao.app"; sourceTree = BUILT_PRODUCTS_DIR; };
		3957A66D2AB37F9300F1659F /* AppDelegate.swift */ = {isa = PBXFileReference; lastKnownFileType = sourcecode.swift; path = AppDelegate.swift; sourceTree = "<group>"; };
		3957A66F2AB37F9300F1659F /* SceneDelegate.swift */ = {isa = PBXFileReference; lastKnownFileType = sourcecode.swift; path = SceneDelegate.swift; sourceTree = "<group>"; };
		3957A6712AB37F9300F1659F /* ViewController.swift */ = {isa = PBXFileReference; lastKnownFileType = sourcecode.swift; path = ViewController.swift; sourceTree = "<group>"; };
		3957A6742AB37F9300F1659F /* Base */ = {isa = PBXFileReference; lastKnownFileType = file.storyboard; name = Base; path = Base.lproj/Main.storyboard; sourceTree = "<group>"; };
		3957A6762AB37F9400F1659F /* Assets.xcassets */ = {isa = PBXFileReference; lastKnownFileType = folder.assetcatalog; path = Assets.xcassets; sourceTree = "<group>"; };
		3957A6792AB37F9400F1659F /* Base */ = {isa = PBXFileReference; lastKnownFileType = file.storyboard; name = Base; path = Base.lproj/LaunchScreen.storyboard; sourceTree = "<group>"; };
		3957A67B2AB37F9400F1659F /* Info.plist */ = {isa = PBXFileReference; lastKnownFileType = text.plist.xml; path = Info.plist; sourceTree = "<group>"; };
		398C8BC52AB385A100B2F377 /* DataViewModel.swift */ = {isa = PBXFileReference; lastKnownFileType = sourcecode.swift; path = DataViewModel.swift; sourceTree = "<group>"; };
		398C8BC82AB3863F00B2F377 /* TestData.swift */ = {isa = PBXFileReference; lastKnownFileType = sourcecode.swift; path = TestData.swift; sourceTree = "<group>"; };
		398C8BCA2AB38C3100B2F377 /* TestModel.swift */ = {isa = PBXFileReference; lastKnownFileType = sourcecode.swift; path = TestModel.swift; sourceTree = "<group>"; };
		398C8BD12AB4055E00B2F377 /* ThemeModel.swift */ = {isa = PBXFileReference; lastKnownFileType = sourcecode.swift; path = ThemeModel.swift; sourceTree = "<group>"; };
		398C8BD32AB4066000B2F377 /* ThemeViewModel .swift */ = {isa = PBXFileReference; lastKnownFileType = sourcecode.swift; path = "ThemeViewModel .swift"; sourceTree = "<group>"; };
		398C8BE02AB4C84B00B2F377 /* BannerCollectionCell.swift */ = {isa = PBXFileReference; lastKnownFileType = sourcecode.swift; path = BannerCollectionCell.swift; sourceTree = "<group>"; };
		39BFBD6C2AB5636A007788EA /* CarouselCollectionBCell.swift */ = {isa = PBXFileReference; lastKnownFileType = sourcecode.swift; path = CarouselCollectionBCell.swift; sourceTree = "<group>"; };
		39F34FD62AB555A300ADC727 /* CarouselCollectionACell.swift */ = {isa = PBXFileReference; lastKnownFileType = sourcecode.swift; path = CarouselCollectionACell.swift; sourceTree = "<group>"; };
/* End PBXFileReference section */

/* Begin PBXFrameworksBuildPhase section */
		3957A6672AB37F9300F1659F /* Frameworks */ = {
			isa = PBXFrameworksBuildPhase;
			buildActionMask = 2147483647;
			files = (
			);
			runOnlyForDeploymentPostprocessing = 0;
		};
/* End PBXFrameworksBuildPhase section */

/* Begin PBXGroup section */
		3957A6612AB37F9300F1659F = {
			isa = PBXGroup;
			children = (
				3957A66C2AB37F9300F1659F /* Test-KelvinGao */,
				3957A66B2AB37F9300F1659F /* Products */,
			);
			sourceTree = "<group>";
		};
		3957A66B2AB37F9300F1659F /* Products */ = {
			isa = PBXGroup;
			children = (
				3957A66A2AB37F9300F1659F /* Test-KelvinGao.app */,
			);
			name = Products;
			sourceTree = "<group>";
		};
		3957A66C2AB37F9300F1659F /* Test-KelvinGao */ = {
			isa = PBXGroup;
			children = (
				3957A66D2AB37F9300F1659F /* AppDelegate.swift */,
				3957A66F2AB37F9300F1659F /* SceneDelegate.swift */,
				398C8BC72AB3862100B2F377 /* Model */,
				3957A6822AB37FF200F1659F /* Views */,
				3957A6812AB37FDC00F1659F /* ViewModel */,
				3957A6732AB37F9300F1659F /* Main.storyboard */,
				3957A6762AB37F9400F1659F /* Assets.xcassets */,
				3957A6782AB37F9400F1659F /* LaunchScreen.storyboard */,
				3957A67B2AB37F9400F1659F /* Info.plist */,
			);
			path = "Test-KelvinGao";
			sourceTree = "<group>";
		};
		3957A6812AB37FDC00F1659F /* ViewModel */ = {
			isa = PBXGroup;
			children = (
				398C8BC52AB385A100B2F377 /* DataViewModel.swift */,
				398C8BD32AB4066000B2F377 /* ThemeViewModel .swift */,
			);
			path = ViewModel;
			sourceTree = "<group>";
		};
		3957A6822AB37FF200F1659F /* Views */ = {
			isa = PBXGroup;
			children = (
				3957A6712AB37F9300F1659F /* ViewController.swift */,
				398C8BE02AB4C84B00B2F377 /* BannerCollectionCell.swift */,
				39F34FD62AB555A300ADC727 /* CarouselCollectionACell.swift */,
				39BFBD6C2AB5636A007788EA /* CarouselCollectionBCell.swift */,
				393212A72AB612AD0002E9B7 /* BannerTableViewCell.swift */,
				393212A92AB6152F0002E9B7 /* CardTableCellTableViewCell.swift */,
			);
			path = Views;
			sourceTree = "<group>";
		};
		398C8BC72AB3862100B2F377 /* Model */ = {
			isa = PBXGroup;
			children = (
				398C8BC82AB3863F00B2F377 /* TestData.swift */,
				398C8BCA2AB38C3100B2F377 /* TestModel.swift */,
				398C8BD12AB4055E00B2F377 /* ThemeModel.swift */,
			);
			path = Model;
			sourceTree = "<group>";
		};
/* End PBXGroup section */

/* Begin PBXNativeTarget section */
		3957A6692AB37F9300F1659F /* Test-KelvinGao */ = {
			isa = PBXNativeTarget;
			buildConfigurationList = 3957A67E2AB37F9400F1659F /* Build configuration list for PBXNativeTarget "Test-KelvinGao" */;
			buildPhases = (
				3957A6662AB37F9300F1659F /* Sources */,
				3957A6672AB37F9300F1659F /* Frameworks */,
				3957A6682AB37F9300F1659F /* Resources */,
			);
			buildRules = (
			);
			dependencies = (
			);
			name = "Test-KelvinGao";
			productName = "Test-KelvinGao";
			productReference = 3957A66A2AB37F9300F1659F /* Test-KelvinGao.app */;
			productType = "com.apple.product-type.application";
		};
/* End PBXNativeTarget section */

/* Begin PBXProject section */
		3957A6622AB37F9300F1659F /* Project object */ = {
			isa = PBXProject;
			attributes = {
				BuildIndependentTargetsInParallel = 1;
				LastSwiftUpdateCheck = 1430;
				LastUpgradeCheck = 1430;
				TargetAttributes = {
					3957A6692AB37F9300F1659F = {
						CreatedOnToolsVersion = 14.3.1;
					};
				};
			};
			buildConfigurationList = 3957A6652AB37F9300F1659F /* Build configuration list for PBXProject "Test-KelvinGao" */;
			compatibilityVersion = "Xcode 14.0";
			developmentRegion = en;
			hasScannedForEncodings = 0;
			knownRegions = (
				en,
				Base,
			);
			mainGroup = 3957A6612AB37F9300F1659F;
			productRefGroup = 3957A66B2AB37F9300F1659F /* Products */;
			projectDirPath = "";
			projectRoot = "";
			targets = (
				3957A6692AB37F9300F1659F /* Test-KelvinGao */,
			);
		};
/* End PBXProject section */

/* Begin PBXResourcesBuildPhase section */
		3957A6682AB37F9300F1659F /* Resources */ = {
			isa = PBXResourcesBuildPhase;
			buildActionMask = 2147483647;
			files = (
				3957A67A2AB37F9400F1659F /* LaunchScreen.storyboard in Resources */,
				3957A6772AB37F9400F1659F /* Assets.xcassets in Resources */,
				3957A6752AB37F9300F1659F /* Main.storyboard in Resources */,
			);
			runOnlyForDeploymentPostprocessing = 0;
		};
/* End PBXResourcesBuildPhase section */

/* Begin PBXSourcesBuildPhase section */
		3957A6662AB37F9300F1659F /* Sources */ = {
			isa = PBXSourcesBuildPhase;
			buildActionMask = 2147483647;
			files = (
				398C8BD22AB4055E00B2F377 /* ThemeModel.swift in Sources */,
				39F34FD72AB555A300ADC727 /* CarouselCollectionACell.swift in Sources */,
				393212AA2AB6152F0002E9B7 /* CardTableCellTableViewCell.swift in Sources */,
				398C8BC92AB3863F00B2F377 /* TestData.swift in Sources */,
				3957A6722AB37F9300F1659F /* ViewController.swift in Sources */,
				398C8BC62AB385A100B2F377 /* DataViewModel.swift in Sources */,
				39BFBD6D2AB5636A007788EA /* CarouselCollectionBCell.swift in Sources */,
				398C8BCB2AB38C3100B2F377 /* TestModel.swift in Sources */,
				3957A66E2AB37F9300F1659F /* AppDelegate.swift in Sources */,
				3957A6702AB37F9300F1659F /* SceneDelegate.swift in Sources */,
				393212A82AB612AD0002E9B7 /* BannerTableViewCell.swift in Sources */,
				398C8BD42AB4066000B2F377 /* ThemeViewModel .swift in Sources */,
				398C8BE12AB4C84B00B2F377 /* BannerCollectionCell.swift in Sources */,
			);
			runOnlyForDeploymentPostprocessing = 0;
		};
/* End PBXSourcesBuildPhase section */

/* Begin PBXVariantGroup section */
		3957A6732AB37F9300F1659F /* Main.storyboard */ = {
			isa = PBXVariantGroup;
			children = (
				3957A6742AB37F9300F1659F /* Base */,
			);
			name = Main.storyboard;
			sourceTree = "<group>";
		};
		3957A6782AB37F9400F1659F /* LaunchScreen.storyboard */ = {
			isa = PBXVariantGroup;
			children = (
				3957A6792AB37F9400F1659F /* Base */,
			);
			name = LaunchScreen.storyboard;
			sourceTree = "<group>";
		};
/* End PBXVariantGroup section */

/* Begin XCBuildConfiguration section */
		3957A67C2AB37F9400F1659F /* Debug */ = {
			isa = XCBuildConfiguration;
			buildSettings = {
				ALWAYS_SEARCH_USER_PATHS = NO;
				CLANG_ANALYZER_NONNULL = YES;
				CLANG_ANALYZER_NUMBER_OBJECT_CONVERSION = YES_AGGRESSIVE;
				CLANG_CXX_LANGUAGE_STANDARD = "gnu++20";
				CLANG_ENABLE_MODULES = YES;
				CLANG_ENABLE_OBJC_ARC = YES;
				CLANG_ENABLE_OBJC_WEAK = YES;
				CLANG_WARN_BLOCK_CAPTURE_AUTORELEASING = YES;
				CLANG_WARN_BOOL_CONVERSION = YES;
				CLANG_WARN_COMMA = YES;
				CLANG_WARN_CONSTANT_CONVERSION = YES;
				CLANG_WARN_DEPRECATED_OBJC_IMPLEMENTATIONS = YES;
				CLANG_WARN_DIRECT_OBJC_ISA_USAGE = YES_ERROR;
				CLANG_WARN_DOCUMENTATION_COMMENTS = YES;
				CLANG_WARN_EMPTY_BODY = YES;
				CLANG_WARN_ENUM_CONVERSION = YES;
				CLANG_WARN_INFINITE_RECURSION = YES;
				CLANG_WARN_INT_CONVERSION = YES;
				CLANG_WARN_NON_LITERAL_NULL_CONVERSION = YES;
				CLANG_WARN_OBJC_IMPLICIT_RETAIN_SELF = YES;
				CLANG_WARN_OBJC_LITERAL_CONVERSION = YES;
				CLANG_WARN_OBJC_ROOT_CLASS = YES_ERROR;
				CLANG_WARN_QUOTED_INCLUDE_IN_FRAMEWORK_HEADER = YES;
				CLANG_WARN_RANGE_LOOP_ANALYSIS = YES;
				CLANG_WARN_STRICT_PROTOTYPES = YES;
				CLANG_WARN_SUSPICIOUS_MOVE = YES;
				CLANG_WARN_UNGUARDED_AVAILABILITY = YES_AGGRESSIVE;
				CLANG_WARN_UNREACHABLE_CODE = YES;
				CLANG_WARN__DUPLICATE_METHOD_MATCH = YES;
				COPY_PHASE_STRIP = NO;
				DEBUG_INFORMATION_FORMAT = dwarf;
				ENABLE_STRICT_OBJC_MSGSEND = YES;
				ENABLE_TESTABILITY = YES;
				GCC_C_LANGUAGE_STANDARD = gnu11;
				GCC_DYNAMIC_NO_PIC = NO;
				GCC_NO_COMMON_BLOCKS = YES;
				GCC_OPTIMIZATION_LEVEL = 0;
				GCC_PREPROCESSOR_DEFINITIONS = (
					"DEBUG=1",
					"$(inherited)",
				);
				GCC_WARN_64_TO_32_BIT_CONVERSION = YES;
				GCC_WARN_ABOUT_RETURN_TYPE = YES_ERROR;
				GCC_WARN_UNDECLARED_SELECTOR = YES;
				GCC_WARN_UNINITIALIZED_AUTOS = YES_AGGRESSIVE;
				GCC_WARN_UNUSED_FUNCTION = YES;
				GCC_WARN_UNUSED_VARIABLE = YES;
				IPHONEOS_DEPLOYMENT_TARGET = 16.4;
				MTL_ENABLE_DEBUG_INFO = INCLUDE_SOURCE;
				MTL_FAST_MATH = YES;
				ONLY_ACTIVE_ARCH = YES;
				SDKROOT = iphoneos;
				SWIFT_ACTIVE_COMPILATION_CONDITIONS = DEBUG;
				SWIFT_OPTIMIZATION_LEVEL = "-Onone";
			};
			name = Debug;
		};
		3957A67D2AB37F9400F1659F /* Release */ = {
			isa = XCBuildConfiguration;
			buildSettings = {
				ALWAYS_SEARCH_USER_PATHS = NO;
				CLANG_ANALYZER_NONNULL = YES;
				CLANG_ANALYZER_NUMBER_OBJECT_CONVERSION = YES_AGGRESSIVE;
				CLANG_CXX_LANGUAGE_STANDARD = "gnu++20";
				CLANG_ENABLE_MODULES = YES;
				CLANG_ENABLE_OBJC_ARC = YES;
				CLANG_ENABLE_OBJC_WEAK = YES;
				CLANG_WARN_BLOCK_CAPTURE_AUTORELEASING = YES;
				CLANG_WARN_BOOL_CONVERSION = YES;
				CLANG_WARN_COMMA = YES;
				CLANG_WARN_CONSTANT_CONVERSION = YES;
				CLANG_WARN_DEPRECATED_OBJC_IMPLEMENTATIONS = YES;
				CLANG_WARN_DIRECT_OBJC_ISA_USAGE = YES_ERROR;
				CLANG_WARN_DOCUMENTATION_COMMENTS = YES;
				CLANG_WARN_EMPTY_BODY = YES;
				CLANG_WARN_ENUM_CONVERSION = YES;
				CLANG_WARN_INFINITE_RECURSION = YES;
				CLANG_WARN_INT_CONVERSION = YES;
				CLANG_WARN_NON_LITERAL_NULL_CONVERSION = YES;
				CLANG_WARN_OBJC_IMPLICIT_RETAIN_SELF = YES;
				CLANG_WARN_OBJC_LITERAL_CONVERSION = YES;
				CLANG_WARN_OBJC_ROOT_CLASS = YES_ERROR;
				CLANG_WARN_QUOTED_INCLUDE_IN_FRAMEWORK_HEADER = YES;
				CLANG_WARN_RANGE_LOOP_ANALYSIS = YES;
				CLANG_WARN_STRICT_PROTOTYPES = YES;
				CLANG_WARN_SUSPICIOUS_MOVE = YES;
				CLANG_WARN_UNGUARDED_AVAILABILITY = YES_AGGRESSIVE;
				CLANG_WARN_UNREACHABLE_CODE = YES;
				CLANG_WARN__DUPLICATE_METHOD_MATCH = YES;
				COPY_PHASE_STRIP = NO;
				DEBUG_INFORMATION_FORMAT = "dwarf-with-dsym";
				ENABLE_NS_ASSERTIONS = NO;
				ENABLE_STRICT_OBJC_MSGSEND = YES;
				GCC_C_LANGUAGE_STANDARD = gnu11;
				GCC_NO_COMMON_BLOCKS = YES;
				GCC_WARN_64_TO_32_BIT_CONVERSION = YES;
				GCC_WARN_ABOUT_RETURN_TYPE = YES_ERROR;
				GCC_WARN_UNDECLARED_SELECTOR = YES;
				GCC_WARN_UNINITIALIZED_AUTOS = YES_AGGRESSIVE;
				GCC_WARN_UNUSED_FUNCTION = YES;
				GCC_WARN_UNUSED_VARIABLE = YES;
				IPHONEOS_DEPLOYMENT_TARGET = 16.4;
				MTL_ENABLE_DEBUG_INFO = NO;
				MTL_FAST_MATH = YES;
				SDKROOT = iphoneos;
				SWIFT_COMPILATION_MODE = wholemodule;
				SWIFT_OPTIMIZATION_LEVEL = "-O";
				VALIDATE_PRODUCT = YES;
			};
			name = Release;
		};
		3957A67F2AB37F9400F1659F /* Debug */ = {
			isa = XCBuildConfiguration;
			buildSettings = {
				ASSETCATALOG_COMPILER_APPICON_NAME = AppIcon;
				ASSETCATALOG_COMPILER_GLOBAL_ACCENT_COLOR_NAME = AccentColor;
				CODE_SIGN_STYLE = Automatic;
				CURRENT_PROJECT_VERSION = 1;
				DEVELOPMENT_TEAM = 27KRXYPLFN;
				GENERATE_INFOPLIST_FILE = YES;
				INFOPLIST_FILE = "Test-KelvinGao/Info.plist";
				INFOPLIST_KEY_UIApplicationSupportsIndirectInputEvents = YES;
				INFOPLIST_KEY_UILaunchStoryboardName = LaunchScreen;
				INFOPLIST_KEY_UIMainStoryboardFile = Main;
				INFOPLIST_KEY_UISupportedInterfaceOrientations_iPad = "UIInterfaceOrientationPortrait UIInterfaceOrientationPortraitUpsideDown UIInterfaceOrientationLandscapeLeft UIInterfaceOrientationLandscapeRight";
				INFOPLIST_KEY_UISupportedInterfaceOrientations_iPhone = "UIInterfaceOrientationPortrait UIInterfaceOrientationLandscapeLeft UIInterfaceOrientationLandscapeRight";
				LD_RUNPATH_SEARCH_PATHS = (
					"$(inherited)",
					"@executable_path/Frameworks",
				);
				MARKETING_VERSION = 1.0;
				PRODUCT_BUNDLE_IDENTIFIER = "kelvingao.Test-KelvinGao";
				PRODUCT_NAME = "$(TARGET_NAME)";
				SWIFT_EMIT_LOC_STRINGS = YES;
				SWIFT_VERSION = 5.0;
				TARGETED_DEVICE_FAMILY = "1,2";
			};
			name = Debug;
		};
		3957A6802AB37F9400F1659F /* Release */ = {
			isa = XCBuildConfiguration;
			buildSettings = {
				ASSETCATALOG_COMPILER_APPICON_NAME = AppIcon;
				ASSETCATALOG_COMPILER_GLOBAL_ACCENT_COLOR_NAME = AccentColor;
				CODE_SIGN_STYLE = Automatic;
				CURRENT_PROJECT_VERSION = 1;
				DEVELOPMENT_TEAM = 27KRXYPLFN;
				GENERATE_INFOPLIST_FILE = YES;
				INFOPLIST_FILE = "Test-KelvinGao/Info.plist";
				INFOPLIST_KEY_UIApplicationSupportsIndirectInputEvents = YES;
				INFOPLIST_KEY_UILaunchStoryboardName = LaunchScreen;
				INFOPLIST_KEY_UIMainStoryboardFile = Main;
				INFOPLIST_KEY_UISupportedInterfaceOrientations_iPad = "UIInterfaceOrientationPortrait UIInterfaceOrientationPortraitUpsideDown UIInterfaceOrientationLandscapeLeft UIInterfaceOrientationLandscapeRight";
				INFOPLIST_KEY_UISupportedInterfaceOrientations_iPhone = "UIInterfaceOrientationPortrait UIInterfaceOrientationLandscapeLeft UIInterfaceOrientationLandscapeRight";
				LD_RUNPATH_SEARCH_PATHS = (
					"$(inherited)",
					"@executable_path/Frameworks",
				);
				MARKETING_VERSION = 1.0;
				PRODUCT_BUNDLE_IDENTIFIER = "kelvingao.Test-KelvinGao";
				PRODUCT_NAME = "$(TARGET_NAME)";
				SWIFT_EMIT_LOC_STRINGS = YES;
				SWIFT_VERSION = 5.0;
				TARGETED_DEVICE_FAMILY = "1,2";
			};
			name = Release;
		};
/* End XCBuildConfiguration section */

/* Begin XCConfigurationList section */
		3957A6652AB37F9300F1659F /* Build configuration list for PBXProject "Test-KelvinGao" */ = {
			isa = XCConfigurationList;
			buildConfigurations = (
				3957A67C2AB37F9400F1659F /* Debug */,
				3957A67D2AB37F9400F1659F /* Release */,
			);
			defaultConfigurationIsVisible = 0;
			defaultConfigurationName = Release;
		};
		3957A67E2AB37F9400F1659F /* Build configuration list for PBXNativeTarget "Test-KelvinGao" */ = {
			isa = XCConfigurationList;
			buildConfigurations = (
				3957A67F2AB37F9400F1659F /* Debug */,
				3957A6802AB37F9400F1659F /* Release */,
			);
			defaultConfigurationIsVisible = 0;
			defaultConfigurationName = Release;
		};
/* End XCConfigurationList section */
	};
	rootObject = 3957A6622AB37F9300F1659F /* Project object */;
}
